
Microsoft Visual Studio Solution File, Format Version 12.00
# Visual Studio Version 16
VisualStudioVersion = 16.0.29326.143
MinimumVisualStudioVersion = 10.0.40219.1
Project("{FAE04EC0-301F-11D3-BF4B-00C04F79EFBC}") = "Ex01_TrelloApp.Android", "Ex01_TrelloApp.Android\Ex01_TrelloApp.Android.csproj", "{5663F0A2-84F1-4259-995D-6BD01A105C8E}"
EndProject
Project("{FAE04EC0-301F-11D3-BF4B-00C04F79EFBC}") = "Ex01_TrelloApp", "Ex01_TrelloApp\Ex01_TrelloApp.csproj", "{7E65CEC8-B9E6-473B-A8EC-F942A2C49C90}"
EndProject
Global
	GlobalSection(SolutionConfigurationPlatforms) = preSolution
		Debug|Any CPU = Debug|Any CPU
		Release|Any CPU = Release|Any CPU
	EndGlobalSection
	GlobalSection(ProjectConfigurationPlatforms) = postSolution
		{5663F0A2-84F1-4259-995D-6BD01A105C8E}.Debug|Any CPU.ActiveCfg = Debug|Any CPU
		{5663F0A2-84F1-4259-995D-6BD01A105C8E}.Debug|Any CPU.Build.0 = Debug|Any CPU
		{5663F0A2-84F1-4259-995D-6BD01A105C8E}.Debug|Any CPU.Deploy.0 = Debug|Any CPU
		{5663F0A2-84F1-4259-995D-6BD01A105C8E}.Release|Any CPU.ActiveCfg = Release|Any CPU
		{5663F0A2-84F1-4259-995D-6BD01A105C8E}.Release|Any CPU.Build.0 = Release|Any CPU
		{5663F0A2-84F1-4259-995D-6BD01A105C8E}.Release|Any CPU.Deploy.0 = Release|Any CPU
		{7E65CEC8-B9E6-473B-A8EC-F942A2C49C90}.Debug|Any CPU.ActiveCfg = Debug|Any CPU
		{7E65CEC8-B9E6-473B-A8EC-F942A2C49C90}.Debug|Any CPU.Build.0 = Debug|Any CPU
		{7E65CEC8-B9E6-473B-A8EC-F942A2C49C90}.Debug|Any CPU.Deploy.0 = Debug|Any CPU
		{7E65CEC8-B9E6-473B-A8EC-F942A2C49C90}.Release|Any CPU.ActiveCfg = Release|Any CPU
		{7E65CEC8-B9E6-473B-A8EC-F942A2C49C90}.Release|Any CPU.Build.0 = Release|Any CPU
		{7E65CEC8-B9E6-473B-A8EC-F942A2C49C90}.Release|Any CPU.Deploy.0 = Release|Any CPU
	EndGlobalSection
	GlobalSection(SolutionProperties) = preSolution
		HideSolutionNode = FALSE
	EndGlobalSection
	GlobalSection(ExtensibilityGlobals) = postSolution
		SolutionGuid = {2DED7409-878F-43ED-9DAE-5516C59F1F7F}
	EndGlobalSection
EndGlobal
